
Microsoft Visual Studio Solution File, Format Version 12.00
# Visual Studio 15
VisualStudioVersion = 15.0.28010.2003
MinimumVisualStudioVersion = 10.0.40219.1
Project("{8BC9CEB8-8B4A-11D0-8D11-00A0C91BC942}") = "Zhao_Tianyu_Assignment_2_3", "Zhao_Tianyu_Assignment_2_3.vcxproj", "{0028E146-AEDF-4BA4-8DEB-5F50893C8452}"
EndProject
Global
	GlobalSection(SolutionConfigurationPlatforms) = preSolution
		Debug|x64 = Debug|x64
		Debug|x86 = Debug|x86
		Release|x64 = Release|x64
		Release|x86 = Release|x86
	EndGlobalSection
	GlobalSection(ProjectConfigurationPlatforms) = postSolution
		{0028E146-AEDF-4BA4-8DEB-5F50893C8452}.Debug|x64.ActiveCfg = Debug|x64
		{0028E146-AEDF-4BA4-8DEB-5F50893C8452}.Debug|x64.Build.0 = Debug|x64
		{0028E146-AEDF-4BA4-8DEB-5F50893C8452}.Debug|x86.ActiveCfg = Debug|Win32
		{0028E146-AEDF-4BA4-8DEB-5F50893C8452}.Debug|x86.Build.0 = Debug|Win32
		{0028E146-AEDF-4BA4-8DEB-5F50893C8452}.Release|x64.ActiveCfg = Release|x64
		{0028E146-AEDF-4BA4-8DEB-5F50893C8452}.Release|x64.Build.0 = Release|x64
		{0028E146-AEDF-4BA4-8DEB-5F50893C8452}.Release|x86.ActiveCfg = Release|Win32
		{0028E146-AEDF-4BA4-8DEB-5F50893C8452}.Release|x86.Build.0 = Release|Win32
	EndGlobalSection
	GlobalSection(SolutionProperties) = preSolution
		HideSolutionNode = FALSE
	EndGlobalSection
	GlobalSection(ExtensibilityGlobals) = postSolution
		SolutionGuid = {7978A42E-45E2-4E09-9EED-49B356F032B5}
	EndGlobalSection
EndGlobal
